
Microsoft Visual Studio Solution File, Format Version 12.00
# Visual Studio Version 16
VisualStudioVersion = 16.0.809.9
MinimumVisualStudioVersion = 10.0.40219.1
Project("{FAE04EC0-301F-11D3-BF4B-00C04F79EFBC}") = "AiForms.PrismNavigationEx", "AiForms.PrismNavigationEx\AiForms.PrismNavigationEx.csproj", "{046D3DE6-8CDF-46A3-9532-CEFA29FC878A}"
EndProject
Global
	GlobalSection(SolutionConfigurationPlatforms) = preSolution
		Debug|Any CPU = Debug|Any CPU
		Release|Any CPU = Release|Any CPU
	EndGlobalSection
	GlobalSection(ProjectConfigurationPlatforms) = postSolution
		{046D3DE6-8CDF-46A3-9532-CEFA29FC878A}.Debug|Any CPU.ActiveCfg = Debug|Any CPU
		{046D3DE6-8CDF-46A3-9532-CEFA29FC878A}.Debug|Any CPU.Build.0 = Debug|Any CPU
		{046D3DE6-8CDF-46A3-9532-CEFA29FC878A}.Release|Any CPU.ActiveCfg = Release|Any CPU
		{046D3DE6-8CDF-46A3-9532-CEFA29FC878A}.Release|Any CPU.Build.0 = Release|Any CPU
	EndGlobalSection
	GlobalSection(SolutionProperties) = preSolution
		HideSolutionNode = FALSE
	EndGlobalSection
	GlobalSection(ExtensibilityGlobals) = postSolution
		SolutionGuid = {40390017-7722-4D03-A11D-2FC88A7B2414}
	EndGlobalSection
EndGlobal
